
Microsoft Visual Studio Solution File, Format Version 12.00
# Visual Studio Version 16
VisualStudioVersion = 16.0.29806.167
MinimumVisualStudioVersion = 10.0.40219.1
Project("{9A19103F-16F7-4668-BE54-9A1E7A4F7556}") = "Sample", "src\Sample\Sample.csproj", "{6449588E-84EE-4FC0-8C32-23005E9E51A0}"
EndProject
Project("{2150E333-8FDC-42A3-9474-1A3956D46DE8}") = "Solution Items", "Solution Items", "{9D944E04-A118-4CEE-8EED-F4B6E51280C6}"
	ProjectSection(SolutionItems) = preProject
		.gitignore = .gitignore
		README.md = README.md
	EndProjectSection
EndProject
Project("{FAE04EC0-301F-11D3-BF4B-00C04F79EFBC}") = "Client", "src\Client\Client.csproj", "{5D5FDFBD-E938-415E-8335-D45B21EA57AF}"
EndProject
Project("{FAE04EC0-301F-11D3-BF4B-00C04F79EFBC}") = "Models", "src\Models\Models.csproj", "{BDB97319-FB3A-459A-BBC7-2402E2BBF74D}"
EndProject
Global
	GlobalSection(SolutionConfigurationPlatforms) = preSolution
		Debug|Any CPU = Debug|Any CPU
		Release|Any CPU = Release|Any CPU
	EndGlobalSection
	GlobalSection(ProjectConfigurationPlatforms) = postSolution
		{6449588E-84EE-4FC0-8C32-23005E9E51A0}.Debug|Any CPU.ActiveCfg = Debug|Any CPU
		{6449588E-84EE-4FC0-8C32-23005E9E51A0}.Debug|Any CPU.Build.0 = Debug|Any CPU
		{6449588E-84EE-4FC0-8C32-23005E9E51A0}.Release|Any CPU.ActiveCfg = Release|Any CPU
		{6449588E-84EE-4FC0-8C32-23005E9E51A0}.Release|Any CPU.Build.0 = Release|Any CPU
		{5D5FDFBD-E938-415E-8335-D45B21EA57AF}.Debug|Any CPU.ActiveCfg = Debug|Any CPU
		{5D5FDFBD-E938-415E-8335-D45B21EA57AF}.Debug|Any CPU.Build.0 = Debug|Any CPU
		{5D5FDFBD-E938-415E-8335-D45B21EA57AF}.Release|Any CPU.ActiveCfg = Release|Any CPU
		{5D5FDFBD-E938-415E-8335-D45B21EA57AF}.Release|Any CPU.Build.0 = Release|Any CPU
		{BDB97319-FB3A-459A-BBC7-2402E2BBF74D}.Debug|Any CPU.ActiveCfg = Debug|Any CPU
		{BDB97319-FB3A-459A-BBC7-2402E2BBF74D}.Debug|Any CPU.Build.0 = Debug|Any CPU
		{BDB97319-FB3A-459A-BBC7-2402E2BBF74D}.Release|Any CPU.ActiveCfg = Release|Any CPU
		{BDB97319-FB3A-459A-BBC7-2402E2BBF74D}.Release|Any CPU.Build.0 = Release|Any CPU
	EndGlobalSection
	GlobalSection(SolutionProperties) = preSolution
		HideSolutionNode = FALSE
	EndGlobalSection
	GlobalSection(ExtensibilityGlobals) = postSolution
		SolutionGuid = {FC2C7856-30C9-49EC-BA43-DEC266543914}
	EndGlobalSection
EndGlobal
